
Microsoft Visual Studio Solution File, Format Version 12.00
# Visual Studio Version 17
VisualStudioVersion = 17.5.33414.496
MinimumVisualStudioVersion = 10.0.40219.1
Project("{FAE04EC0-301F-11D3-BF4B-00C04F79EFBC}") = "testwebapp", "testwebapp\testwebapp.csproj", "{286E187D-2093-488E-B35D-BD85CA23328D}"
EndProject
Global
	GlobalSection(SolutionConfigurationPlatforms) = preSolution
		Debug|Any CPU = Debug|Any CPU
		Release|Any CPU = Release|Any CPU
	EndGlobalSection
	GlobalSection(ProjectConfigurationPlatforms) = postSolution
		{286E187D-2093-488E-B35D-BD85CA23328D}.Debug|Any CPU.ActiveCfg = Debug|Any CPU
		{286E187D-2093-488E-B35D-BD85CA23328D}.Debug|Any CPU.Build.0 = Debug|Any CPU
		{286E187D-2093-488E-B35D-BD85CA23328D}.Release|Any CPU.ActiveCfg = Release|Any CPU
		{286E187D-2093-488E-B35D-BD85CA23328D}.Release|Any CPU.Build.0 = Release|Any CPU
	EndGlobalSection
	GlobalSection(SolutionProperties) = preSolution
		HideSolutionNode = FALSE
	EndGlobalSection
	GlobalSection(ExtensibilityGlobals) = postSolution
		SolutionGuid = {FB1CA19D-0313-4B3D-8BD3-C88CD09E6822}
	EndGlobalSection
EndGlobal
